
Microsoft Visual Studio Solution File, Format Version 12.00
# Visual Studio Version 17
VisualStudioVersion = 17.3.32901.215
MinimumVisualStudioVersion = 10.0.40219.1
Project("{9A19103F-16F7-4668-BE54-9A1E7A4F7556}") = "ApplicationCore", "ApplicationCore\ApplicationCore.csproj", "{BB8296DA-C508-4E34-A3B1-A7C81E20C283}"
EndProject
Project("{9A19103F-16F7-4668-BE54-9A1E7A4F7556}") = "Infrastructure", "Infrastructure\Infrastructure.csproj", "{E3CC6831-D331-4CEE-A891-DE9EA3F3CD89}"
EndProject
Project("{2150E333-8FDC-42A3-9474-1A3956D46DE8}") = "tests", "tests", "{8C054567-2AF2-4EBD-95A1-09F86264A519}"
EndProject
Project("{2150E333-8FDC-42A3-9474-1A3956D46DE8}") = "srs", "srs", "{24C93C95-0B94-4B5C-95D9-2352C0163E76}"
EndProject
Project("{9A19103F-16F7-4668-BE54-9A1E7A4F7556}") = "AutomaticTests", "AutomaticTests\AutomaticTests.csproj", "{69570DEC-7168-4A88-90A1-8137EBA560E5}"
EndProject
Project("{9A19103F-16F7-4668-BE54-9A1E7A4F7556}") = "MoqTests", "MoqTests\MoqTests.csproj", "{A07C97EB-C69C-4510-9BDE-EF8DB25362E4}"
EndProject
Project("{9A19103F-16F7-4668-BE54-9A1E7A4F7556}") = "IntegratedTests", "IntegratedTests\IntegratedTests.csproj", "{75850A56-F35C-4863-ABF2-B7DF4F8771B8}"
EndProject
Project("{9A19103F-16F7-4668-BE54-9A1E7A4F7556}") = "ConnectionTests", "ConnectionTests\ConnectionTests.csproj", "{CC3D621D-5BA7-4C8D-B357-896CC280F323}"
EndProject
Project("{FAE04EC0-301F-11D3-BF4B-00C04F79EFBC}") = "TestConsole", "TestConsole\TestConsole.csproj", "{82196FA7-7DF7-43CC-B6BE-685DF2BC1BD0}"
EndProject
Global
	GlobalSection(SolutionConfigurationPlatforms) = preSolution
		Debug|Any CPU = Debug|Any CPU
		Release|Any CPU = Release|Any CPU
	EndGlobalSection
	GlobalSection(ProjectConfigurationPlatforms) = postSolution
		{BB8296DA-C508-4E34-A3B1-A7C81E20C283}.Debug|Any CPU.ActiveCfg = Debug|Any CPU
		{BB8296DA-C508-4E34-A3B1-A7C81E20C283}.Debug|Any CPU.Build.0 = Debug|Any CPU
		{BB8296DA-C508-4E34-A3B1-A7C81E20C283}.Release|Any CPU.ActiveCfg = Release|Any CPU
		{BB8296DA-C508-4E34-A3B1-A7C81E20C283}.Release|Any CPU.Build.0 = Release|Any CPU
		{E3CC6831-D331-4CEE-A891-DE9EA3F3CD89}.Debug|Any CPU.ActiveCfg = Debug|Any CPU
		{E3CC6831-D331-4CEE-A891-DE9EA3F3CD89}.Debug|Any CPU.Build.0 = Debug|Any CPU
		{E3CC6831-D331-4CEE-A891-DE9EA3F3CD89}.Release|Any CPU.ActiveCfg = Release|Any CPU
		{E3CC6831-D331-4CEE-A891-DE9EA3F3CD89}.Release|Any CPU.Build.0 = Release|Any CPU
		{69570DEC-7168-4A88-90A1-8137EBA560E5}.Debug|Any CPU.ActiveCfg = Debug|Any CPU
		{69570DEC-7168-4A88-90A1-8137EBA560E5}.Debug|Any CPU.Build.0 = Debug|Any CPU
		{69570DEC-7168-4A88-90A1-8137EBA560E5}.Release|Any CPU.ActiveCfg = Release|Any CPU
		{69570DEC-7168-4A88-90A1-8137EBA560E5}.Release|Any CPU.Build.0 = Release|Any CPU
		{A07C97EB-C69C-4510-9BDE-EF8DB25362E4}.Debug|Any CPU.ActiveCfg = Debug|Any CPU
		{A07C97EB-C69C-4510-9BDE-EF8DB25362E4}.Debug|Any CPU.Build.0 = Debug|Any CPU
		{A07C97EB-C69C-4510-9BDE-EF8DB25362E4}.Release|Any CPU.ActiveCfg = Release|Any CPU
		{A07C97EB-C69C-4510-9BDE-EF8DB25362E4}.Release|Any CPU.Build.0 = Release|Any CPU
		{75850A56-F35C-4863-ABF2-B7DF4F8771B8}.Debug|Any CPU.ActiveCfg = Debug|Any CPU
		{75850A56-F35C-4863-ABF2-B7DF4F8771B8}.Debug|Any CPU.Build.0 = Debug|Any CPU
		{75850A56-F35C-4863-ABF2-B7DF4F8771B8}.Release|Any CPU.ActiveCfg = Release|Any CPU
		{75850A56-F35C-4863-ABF2-B7DF4F8771B8}.Release|Any CPU.Build.0 = Release|Any CPU
		{CC3D621D-5BA7-4C8D-B357-896CC280F323}.Debug|Any CPU.ActiveCfg = Debug|Any CPU
		{CC3D621D-5BA7-4C8D-B357-896CC280F323}.Debug|Any CPU.Build.0 = Debug|Any CPU
		{CC3D621D-5BA7-4C8D-B357-896CC280F323}.Release|Any CPU.ActiveCfg = Release|Any CPU
		{CC3D621D-5BA7-4C8D-B357-896CC280F323}.Release|Any CPU.Build.0 = Release|Any CPU
		{82196FA7-7DF7-43CC-B6BE-685DF2BC1BD0}.Debug|Any CPU.ActiveCfg = Debug|Any CPU
		{82196FA7-7DF7-43CC-B6BE-685DF2BC1BD0}.Debug|Any CPU.Build.0 = Debug|Any CPU
		{82196FA7-7DF7-43CC-B6BE-685DF2BC1BD0}.Release|Any CPU.ActiveCfg = Release|Any CPU
		{82196FA7-7DF7-43CC-B6BE-685DF2BC1BD0}.Release|Any CPU.Build.0 = Release|Any CPU
	EndGlobalSection
	GlobalSection(SolutionProperties) = preSolution
		HideSolutionNode = FALSE
	EndGlobalSection
	GlobalSection(NestedProjects) = preSolution
		{BB8296DA-C508-4E34-A3B1-A7C81E20C283} = {24C93C95-0B94-4B5C-95D9-2352C0163E76}
		{E3CC6831-D331-4CEE-A891-DE9EA3F3CD89} = {24C93C95-0B94-4B5C-95D9-2352C0163E76}
		{69570DEC-7168-4A88-90A1-8137EBA560E5} = {8C054567-2AF2-4EBD-95A1-09F86264A519}
		{A07C97EB-C69C-4510-9BDE-EF8DB25362E4} = {8C054567-2AF2-4EBD-95A1-09F86264A519}
		{75850A56-F35C-4863-ABF2-B7DF4F8771B8} = {8C054567-2AF2-4EBD-95A1-09F86264A519}
		{CC3D621D-5BA7-4C8D-B357-896CC280F323} = {8C054567-2AF2-4EBD-95A1-09F86264A519}
	EndGlobalSection
	GlobalSection(ExtensibilityGlobals) = postSolution
		SolutionGuid = {97FAA42F-68DC-4C1B-B01C-83C43AA600F6}
	EndGlobalSection
EndGlobal
